// !$*UTF8*$!
{
	archiveVersion = 1;
	classes = {
	};
	objectVersion = 56;
	objects = {

/* Begin PBXBuildFile section */
		8F373C1129D18EE600ECC542 /* Tequila_BellApp.swift in Sources */ = {isa = PBXBuildFile; fileRef = 8F373C1029D18EE600ECC542 /* Tequila_BellApp.swift */; };
		8F373C1329D18EE600ECC542 /* ContentView.swift in Sources */ = {isa = PBXBuildFile; fileRef = 8F373C1229D18EE600ECC542 /* ContentView.swift */; };
		8F373C1529D18EE700ECC542 /* Assets.xcassets in Resources */ = {isa = PBXBuildFile; fileRef = 8F373C1429D18EE700ECC542 /* Assets.xcassets */; };
		8F373C1829D18EE700ECC542 /* Preview Assets.xcassets in Resources */ = {isa = PBXBuildFile; fileRef = 8F373C1729D18EE700ECC542 /* Preview Assets.xcassets */; };
		8F373C1E29D18EE700ECC542 /* Tequila-Bell Watch App.app in Embed Watch Content */ = {isa = PBXBuildFile; fileRef = 8F373C1D29D18EE700ECC542 /* Tequila-Bell Watch App.app */; settings = {ATTRIBUTES = (RemoveHeadersOnCopy, ); }; };
		8F373C2329D18EE700ECC542 /* Tequila_BellApp.swift in Sources */ = {isa = PBXBuildFile; fileRef = 8F373C2229D18EE700ECC542 /* Tequila_BellApp.swift */; };
		8F373C2529D18EE700ECC542 /* ContentView.swift in Sources */ = {isa = PBXBuildFile; fileRef = 8F373C2429D18EE700ECC542 /* ContentView.swift */; };
		8F373C2729D18EE800ECC542 /* Assets.xcassets in Resources */ = {isa = PBXBuildFile; fileRef = 8F373C2629D18EE800ECC542 /* Assets.xcassets */; };
		8F373C2A29D18EE800ECC542 /* Preview Assets.xcassets in Resources */ = {isa = PBXBuildFile; fileRef = 8F373C2929D18EE800ECC542 /* Preview Assets.xcassets */; };
		8F373C3C29D1904F00ECC542 /* tequilaPlayer.swift in Sources */ = {isa = PBXBuildFile; fileRef = 8F373C3B29D1904F00ECC542 /* tequilaPlayer.swift */; };
		8F373C4029D194FF00ECC542 /* tequilaPlayer.swift in Sources */ = {isa = PBXBuildFile; fileRef = 8F373C3F29D194FF00ECC542 /* tequilaPlayer.swift */; };
		8F373C4229D7336200ECC542 /* defaultTequilaBell.swift in Sources */ = {isa = PBXBuildFile; fileRef = 8F373C4129D7336200ECC542 /* defaultTequilaBell.swift */; };
		8F373C4629D7344500ECC542 /* realTequilaBell.swift in Sources */ = {isa = PBXBuildFile; fileRef = 8F373C4529D7344500ECC542 /* realTequilaBell.swift */; };
		8F373C4A29D738F300ECC542 /* audioSession.swift in Sources */ = {isa = PBXBuildFile; fileRef = 8F373C4929D738F300ECC542 /* audioSession.swift */; };
		8F373C4C29D73C1A00ECC542 /* defaultTequilaBell.swift in Sources */ = {isa = PBXBuildFile; fileRef = 8F373C4B29D73C1A00ECC542 /* defaultTequilaBell.swift */; };
		8F373C4E29D73C4100ECC542 /* realTequilaBell.swift in Sources */ = {isa = PBXBuildFile; fileRef = 8F373C4D29D73C4100ECC542 /* realTequilaBell.swift */; };
		8F3EE7E32A55528F008DE712 /* WidgetKit.framework in Frameworks */ = {isa = PBXBuildFile; fileRef = 8F3EE7E22A55528F008DE712 /* WidgetKit.framework */; };
		8F3EE7E52A55528F008DE712 /* SwiftUI.framework in Frameworks */ = {isa = PBXBuildFile; fileRef = 8F3EE7E42A55528F008DE712 /* SwiftUI.framework */; };
		8F3EE7E82A55528F008DE712 /* TequilaBellComplication.swift in Sources */ = {isa = PBXBuildFile; fileRef = 8F3EE7E72A55528F008DE712 /* TequilaBellComplication.swift */; };
		8F3EE7EB2A555290008DE712 /* Assets.xcassets in Resources */ = {isa = PBXBuildFile; fileRef = 8F3EE7EA2A555290008DE712 /* Assets.xcassets */; };
		8F3EE7ED2A555290008DE712 /* TequilaBellComplication.intentdefinition in Sources */ = {isa = PBXBuildFile; fileRef = 8F3EE7E92A55528F008DE712 /* TequilaBellComplication.intentdefinition */; };
		8F3EE7EE2A555290008DE712 /* TequilaBellComplication.intentdefinition in Sources */ = {isa = PBXBuildFile; fileRef = 8F3EE7E92A55528F008DE712 /* TequilaBellComplication.intentdefinition */; };
		8F3EE7F12A555290008DE712 /* TequilaBellComplicationExtension.appex in Embed Foundation Extensions */ = {isa = PBXBuildFile; fileRef = 8F3EE7E02A55528F008DE712 /* TequilaBellComplicationExtension.appex */; settings = {ATTRIBUTES = (RemoveHeadersOnCopy, ); }; };
		8F3EE7F72A619120008DE712 /* Assets.xcassets in Resources */ = {isa = PBXBuildFile; fileRef = 8F3EE7EA2A555290008DE712 /* Assets.xcassets */; };
		8F3EE7F82A619199008DE712 /* Assets.xcassets in Resources */ = {isa = PBXBuildFile; fileRef = 8F373C2629D18EE800ECC542 /* Assets.xcassets */; };
		8F3EE8032A63B4DA008DE712 /* WidgetKit.framework in Frameworks */ = {isa = PBXBuildFile; fileRef = 8F3EE7E22A55528F008DE712 /* WidgetKit.framework */; };
		8F3EE8042A63B4DA008DE712 /* SwiftUI.framework in Frameworks */ = {isa = PBXBuildFile; fileRef = 8F3EE7E42A55528F008DE712 /* SwiftUI.framework */; };
		8F3EE8072A63B4DA008DE712 /* iOSWidgetBundle.swift in Sources */ = {isa = PBXBuildFile; fileRef = 8F3EE8062A63B4DA008DE712 /* iOSWidgetBundle.swift */; };
		8F3EE8092A63B4DA008DE712 /* iOSWidgetLiveActivity.swift in Sources */ = {isa = PBXBuildFile; fileRef = 8F3EE8082A63B4DA008DE712 /* iOSWidgetLiveActivity.swift */; };
		8F3EE80B2A63B4DA008DE712 /* iOSWidget.swift in Sources */ = {isa = PBXBuildFile; fileRef = 8F3EE80A2A63B4DA008DE712 /* iOSWidget.swift */; };
		8F3EE80E2A63B4DC008DE712 /* Assets.xcassets in Resources */ = {isa = PBXBuildFile; fileRef = 8F3EE80D2A63B4DC008DE712 /* Assets.xcassets */; };
		8F3EE8102A63B4DC008DE712 /* iOSWidget.intentdefinition in Sources */ = {isa = PBXBuildFile; fileRef = 8F3EE80C2A63B4DA008DE712 /* iOSWidget.intentdefinition */; };
		8F3EE8112A63B4DC008DE712 /* iOSWidget.intentdefinition in Sources */ = {isa = PBXBuildFile; fileRef = 8F3EE80C2A63B4DA008DE712 /* iOSWidget.intentdefinition */; };
		8F3EE8142A63B4DC008DE712 /* iOSWidgetExtension.appex in Embed Foundation Extensions */ = {isa = PBXBuildFile; fileRef = 8F3EE8022A63B4DA008DE712 /* iOSWidgetExtension.appex */; settings = {ATTRIBUTES = (RemoveHeadersOnCopy, ); }; };
		8F3EE8192A63C4F7008DE712 /* Assets.xcassets in Resources */ = {isa = PBXBuildFile; fileRef = 8F373C1429D18EE700ECC542 /* Assets.xcassets */; };
		8F3F33972A7E3D10004D9E5C /* ImagePickerViewController.swift in Sources */ = {isa = PBXBuildFile; fileRef = 8F3F33962A7E3D10004D9E5C /* ImagePickerViewController.swift */; };
		8FC9AAB12A7E436700507BE1 /* originalTequilaBell.swift in Sources */ = {isa = PBXBuildFile; fileRef = 8FC9AAB02A7E436700507BE1 /* originalTequilaBell.swift */; };
/* End PBXBuildFile section */

/* Begin PBXContainerItemProxy section */
		8F373C1F29D18EE700ECC542 /* PBXContainerItemProxy */ = {
			isa = PBXContainerItemProxy;
			containerPortal = 8F373C0529D18EE500ECC542 /* Project object */;
			proxyType = 1;
			remoteGlobalIDString = 8F373C1C29D18EE700ECC542;
			remoteInfo = "Tequila-Bell Watch App";
		};
		8F3EE7EF2A555290008DE712 /* PBXContainerItemProxy */ = {
			isa = PBXContainerItemProxy;
			containerPortal = 8F373C0529D18EE500ECC542 /* Project object */;
			proxyType = 1;
			remoteGlobalIDString = 8F3EE7DF2A55528F008DE712;
			remoteInfo = TequilaBellComplicationExtension;
		};
		8F3EE8122A63B4DC008DE712 /* PBXContainerItemProxy */ = {
			isa = PBXContainerItemProxy;
			containerPortal = 8F373C0529D18EE500ECC542 /* Project object */;
			proxyType = 1;
			remoteGlobalIDString = 8F3EE8012A63B4DA008DE712;
			remoteInfo = iOSWidgetExtension;
		};
/* End PBXContainerItemProxy section */

/* Begin PBXCopyFilesBuildPhase section */
		8F373C3029D18EE800ECC542 /* Embed Watch Content */ = {
			isa = PBXCopyFilesBuildPhase;
			buildActionMask = 2147483647;
			dstPath = "$(CONTENTS_FOLDER_PATH)/Watch";
			dstSubfolderSpec = 16;
			files = (
				8F373C1E29D18EE700ECC542 /* Tequila-Bell Watch App.app in Embed Watch Content */,
			);
			name = "Embed Watch Content";
			runOnlyForDeploymentPostprocessing = 0;
		};
		8F3EE7F52A555290008DE712 /* Embed Foundation Extensions */ = {
			isa = PBXCopyFilesBuildPhase;
			buildActionMask = 2147483647;
			dstPath = "";
			dstSubfolderSpec = 13;
			files = (
				8F3EE7F12A555290008DE712 /* TequilaBellComplicationExtension.appex in Embed Foundation Extensions */,
			);
			name = "Embed Foundation Extensions";
			runOnlyForDeploymentPostprocessing = 0;
		};
		8F3EE8152A63B4DC008DE712 /* Embed Foundation Extensions */ = {
			isa = PBXCopyFilesBuildPhase;
			buildActionMask = 2147483647;
			dstPath = "";
			dstSubfolderSpec = 13;
			files = (
				8F3EE8142A63B4DC008DE712 /* iOSWidgetExtension.appex in Embed Foundation Extensions */,
			);
			name = "Embed Foundation Extensions";
			runOnlyForDeploymentPostprocessing = 0;
		};
/* End PBXCopyFilesBuildPhase section */

/* Begin PBXFileReference section */
		8F373C0D29D18EE600ECC542 /* Tequila-Bell.app */ = {isa = PBXFileReference; explicitFileType = wrapper.application; includeInIndex = 0; path = "Tequila-Bell.app"; sourceTree = BUILT_PRODUCTS_DIR; };
		8F373C1029D18EE600ECC542 /* Tequila_BellApp.swift */ = {isa = PBXFileReference; lastKnownFileType = sourcecode.swift; path = Tequila_BellApp.swift; sourceTree = "<group>"; };
		8F373C1229D18EE600ECC542 /* ContentView.swift */ = {isa = PBXFileReference; lastKnownFileType = sourcecode.swift; path = ContentView.swift; sourceTree = "<group>"; };
		8F373C1429D18EE700ECC542 /* Assets.xcassets */ = {isa = PBXFileReference; lastKnownFileType = folder.assetcatalog; path = Assets.xcassets; sourceTree = "<group>"; };
		8F373C1729D18EE700ECC542 /* Preview Assets.xcassets */ = {isa = PBXFileReference; lastKnownFileType = folder.assetcatalog; path = "Preview Assets.xcassets"; sourceTree = "<group>"; };
		8F373C1D29D18EE700ECC542 /* Tequila-Bell Watch App.app */ = {isa = PBXFileReference; explicitFileType = wrapper.application; includeInIndex = 0; path = "Tequila-Bell Watch App.app"; sourceTree = BUILT_PRODUCTS_DIR; };
		8F373C2229D18EE700ECC542 /* Tequila_BellApp.swift */ = {isa = PBXFileReference; lastKnownFileType = sourcecode.swift; path = Tequila_BellApp.swift; sourceTree = "<group>"; };
		8F373C2429D18EE700ECC542 /* ContentView.swift */ = {isa = PBXFileReference; lastKnownFileType = sourcecode.swift; path = ContentView.swift; sourceTree = "<group>"; };
		8F373C2629D18EE800ECC542 /* Assets.xcassets */ = {isa = PBXFileReference; lastKnownFileType = folder.assetcatalog; path = Assets.xcassets; sourceTree = "<group>"; };
		8F373C2929D18EE800ECC542 /* Preview Assets.xcassets */ = {isa = PBXFileReference; lastKnownFileType = folder.assetcatalog; path = "Preview Assets.xcassets"; sourceTree = "<group>"; };
		8F373C3B29D1904F00ECC542 /* tequilaPlayer.swift */ = {isa = PBXFileReference; lastKnownFileType = sourcecode.swift; path = tequilaPlayer.swift; sourceTree = "<group>"; };
		8F373C3F29D194FF00ECC542 /* tequilaPlayer.swift */ = {isa = PBXFileReference; lastKnownFileType = sourcecode.swift; path = tequilaPlayer.swift; sourceTree = "<group>"; };
		8F373C4129D7336200ECC542 /* defaultTequilaBell.swift */ = {isa = PBXFileReference; lastKnownFileType = sourcecode.swift; path = defaultTequilaBell.swift; sourceTree = "<group>"; };
		8F373C4529D7344500ECC542 /* realTequilaBell.swift */ = {isa = PBXFileReference; lastKnownFileType = sourcecode.swift; path = realTequilaBell.swift; sourceTree = "<group>"; };
		8F373C4929D738F300ECC542 /* audioSession.swift */ = {isa = PBXFileReference; lastKnownFileType = sourcecode.swift; path = audioSession.swift; sourceTree = "<group>"; };
		8F373C4B29D73C1A00ECC542 /* defaultTequilaBell.swift */ = {isa = PBXFileReference; lastKnownFileType = sourcecode.swift; path = defaultTequilaBell.swift; sourceTree = "<group>"; };
		8F373C4D29D73C4100ECC542 /* realTequilaBell.swift */ = {isa = PBXFileReference; lastKnownFileType = sourcecode.swift; path = realTequilaBell.swift; sourceTree = "<group>"; };
		8F3EE7E02A55528F008DE712 /* TequilaBellComplicationExtension.appex */ = {isa = PBXFileReference; explicitFileType = "wrapper.app-extension"; includeInIndex = 0; path = TequilaBellComplicationExtension.appex; sourceTree = BUILT_PRODUCTS_DIR; };
		8F3EE7E22A55528F008DE712 /* WidgetKit.framework */ = {isa = PBXFileReference; lastKnownFileType = wrapper.framework; name = WidgetKit.framework; path = System/Library/Frameworks/WidgetKit.framework; sourceTree = SDKROOT; };
		8F3EE7E42A55528F008DE712 /* SwiftUI.framework */ = {isa = PBXFileReference; lastKnownFileType = wrapper.framework; name = SwiftUI.framework; path = System/Library/Frameworks/SwiftUI.framework; sourceTree = SDKROOT; };
		8F3EE7E72A55528F008DE712 /* TequilaBellComplication.swift */ = {isa = PBXFileReference; lastKnownFileType = sourcecode.swift; path = TequilaBellComplication.swift; sourceTree = "<group>"; };
		8F3EE7E92A55528F008DE712 /* TequilaBellComplication.intentdefinition */ = {isa = PBXFileReference; lastKnownFileType = file.intentdefinition; path = TequilaBellComplication.intentdefinition; sourceTree = "<group>"; };
		8F3EE7EA2A555290008DE712 /* Assets.xcassets */ = {isa = PBXFileReference; lastKnownFileType = folder.assetcatalog; path = Assets.xcassets; sourceTree = "<group>"; };
		8F3EE7EC2A555290008DE712 /* Info.plist */ = {isa = PBXFileReference; lastKnownFileType = text.plist.xml; path = Info.plist; sourceTree = "<group>"; };
		8F3EE7F62A555D70008DE712 /* Tequila-Bell-Watch-App-Info.plist */ = {isa = PBXFileReference; lastKnownFileType = text.plist; path = "Tequila-Bell-Watch-App-Info.plist"; sourceTree = SOURCE_ROOT; };
		8F3EE8022A63B4DA008DE712 /* iOSWidgetExtension.appex */ = {isa = PBXFileReference; explicitFileType = "wrapper.app-extension"; includeInIndex = 0; path = iOSWidgetExtension.appex; sourceTree = BUILT_PRODUCTS_DIR; };
		8F3EE8062A63B4DA008DE712 /* iOSWidgetBundle.swift */ = {isa = PBXFileReference; lastKnownFileType = sourcecode.swift; path = iOSWidgetBundle.swift; sourceTree = "<group>"; };
		8F3EE8082A63B4DA008DE712 /* iOSWidgetLiveActivity.swift */ = {isa = PBXFileReference; lastKnownFileType = sourcecode.swift; path = iOSWidgetLiveActivity.swift; sourceTree = "<group>"; };
		8F3EE80A2A63B4DA008DE712 /* iOSWidget.swift */ = {isa = PBXFileReference; lastKnownFileType = sourcecode.swift; path = iOSWidget.swift; sourceTree = "<group>"; };
		8F3EE80C2A63B4DA008DE712 /* iOSWidget.intentdefinition */ = {isa = PBXFileReference; lastKnownFileType = file.intentdefinition; path = iOSWidget.intentdefinition; sourceTree = "<group>"; };
		8F3EE80D2A63B4DC008DE712 /* Assets.xcassets */ = {isa = PBXFileReference; lastKnownFileType = folder.assetcatalog; path = Assets.xcassets; sourceTree = "<group>"; };
		8F3EE80F2A63B4DC008DE712 /* Info.plist */ = {isa = PBXFileReference; lastKnownFileType = text.plist.xml; path = Info.plist; sourceTree = "<group>"; };
		8F3F33962A7E3D10004D9E5C /* ImagePickerViewController.swift */ = {isa = PBXFileReference; lastKnownFileType = sourcecode.swift; path = ImagePickerViewController.swift; sourceTree = "<group>"; };
		8FC9AAAF2A7E41AA00507BE1 /* Info.plist */ = {isa = PBXFileReference; lastKnownFileType = text.plist; path = Info.plist; sourceTree = "<group>"; };
		8FC9AAB02A7E436700507BE1 /* originalTequilaBell.swift */ = {isa = PBXFileReference; lastKnownFileType = sourcecode.swift; path = originalTequilaBell.swift; sourceTree = "<group>"; };
/* End PBXFileReference section */

/* Begin PBXFrameworksBuildPhase section */
		8F373C0A29D18EE600ECC542 /* Frameworks */ = {
			isa = PBXFrameworksBuildPhase;
			buildActionMask = 2147483647;
			files = (
			);
			runOnlyForDeploymentPostprocessing = 0;
		};
		8F373C1A29D18EE700ECC542 /* Frameworks */ = {
			isa = PBXFrameworksBuildPhase;
			buildActionMask = 2147483647;
			files = (
			);
			runOnlyForDeploymentPostprocessing = 0;
		};
		8F3EE7DD2A55528F008DE712 /* Frameworks */ = {
			isa = PBXFrameworksBuildPhase;
			buildActionMask = 2147483647;
			files = (
				8F3EE7E52A55528F008DE712 /* SwiftUI.framework in Frameworks */,
				8F3EE7E32A55528F008DE712 /* WidgetKit.framework in Frameworks */,
			);
			runOnlyForDeploymentPostprocessing = 0;
		};
		8F3EE7FF2A63B4DA008DE712 /* Frameworks */ = {
			isa = PBXFrameworksBuildPhase;
			buildActionMask = 2147483647;
			files = (
				8F3EE8042A63B4DA008DE712 /* SwiftUI.framework in Frameworks */,
				8F3EE8032A63B4DA008DE712 /* WidgetKit.framework in Frameworks */,
			);
			runOnlyForDeploymentPostprocessing = 0;
		};
/* End PBXFrameworksBuildPhase section */

/* Begin PBXGroup section */
		8F373C0429D18EE500ECC542 = {
			isa = PBXGroup;
			children = (
				8F373C0F29D18EE600ECC542 /* Tequila-Bell */,
				8F373C2129D18EE700ECC542 /* Tequila-Bell Watch App */,
				8F3EE7E62A55528F008DE712 /* TequilaBellComplication */,
				8F3EE8052A63B4DA008DE712 /* iOSWidget */,
				8F3EE7E12A55528F008DE712 /* Frameworks */,
				8F373C0E29D18EE600ECC542 /* Products */,
			);
			sourceTree = "<group>";
		};
		8F373C0E29D18EE600ECC542 /* Products */ = {
			isa = PBXGroup;
			children = (
				8F373C0D29D18EE600ECC542 /* Tequila-Bell.app */,
				8F373C1D29D18EE700ECC542 /* Tequila-Bell Watch App.app */,
				8F3EE7E02A55528F008DE712 /* TequilaBellComplicationExtension.appex */,
				8F3EE8022A63B4DA008DE712 /* iOSWidgetExtension.appex */,
			);
			name = Products;
			sourceTree = "<group>";
		};
		8F373C0F29D18EE600ECC542 /* Tequila-Bell */ = {
			isa = PBXGroup;
			children = (
				8FC9AAAF2A7E41AA00507BE1 /* Info.plist */,
				8F373C1029D18EE600ECC542 /* Tequila_BellApp.swift */,
				8F3F33932A7E3CB8004D9E5C /* Controller */,
				8F373C3629D18F8900ECC542 /* Models */,
				8F373C3429D18F3C00ECC542 /* Views */,
				8F373C1429D18EE700ECC542 /* Assets.xcassets */,
				8F373C1629D18EE700ECC542 /* Preview Content */,
			);
			path = "Tequila-Bell";
			sourceTree = "<group>";
		};
		8F373C1629D18EE700ECC542 /* Preview Content */ = {
			isa = PBXGroup;
			children = (
				8F373C1729D18EE700ECC542 /* Preview Assets.xcassets */,
			);
			path = "Preview Content";
			sourceTree = "<group>";
		};
		8F373C2129D18EE700ECC542 /* Tequila-Bell Watch App */ = {
			isa = PBXGroup;
			children = (
				8F3EE7F62A555D70008DE712 /* Tequila-Bell-Watch-App-Info.plist */,
				8F373C2229D18EE700ECC542 /* Tequila_BellApp.swift */,
				8F373C3A29D1902700ECC542 /* Models */,
				8F373C3929D1900C00ECC542 /* Views */,
				8F373C2629D18EE800ECC542 /* Assets.xcassets */,
				8F373C2829D18EE800ECC542 /* Preview Content */,
			);
			path = "Tequila-Bell Watch App";
			sourceTree = "<group>";
		};
		8F373C2829D18EE800ECC542 /* Preview Content */ = {
			isa = PBXGroup;
			children = (
				8F373C2929D18EE800ECC542 /* Preview Assets.xcassets */,
			);
			path = "Preview Content";
			sourceTree = "<group>";
		};
		8F373C3429D18F3C00ECC542 /* Views */ = {
			isa = PBXGroup;
			children = (
				8F373C1229D18EE600ECC542 /* ContentView.swift */,
				8F373C4B29D73C1A00ECC542 /* defaultTequilaBell.swift */,
				8F373C4D29D73C4100ECC542 /* realTequilaBell.swift */,
				8FC9AAB02A7E436700507BE1 /* originalTequilaBell.swift */,
			);
			path = Views;
			sourceTree = "<group>";
		};
		8F373C3629D18F8900ECC542 /* Models */ = {
			isa = PBXGroup;
			children = (
				8F373C3F29D194FF00ECC542 /* tequilaPlayer.swift */,
			);
			path = Models;
			sourceTree = "<group>";
		};
		8F373C3929D1900C00ECC542 /* Views */ = {
			isa = PBXGroup;
			children = (
				8F373C2429D18EE700ECC542 /* ContentView.swift */,
				8F373C4129D7336200ECC542 /* defaultTequilaBell.swift */,
				8F373C4529D7344500ECC542 /* realTequilaBell.swift */,
				8F373C4929D738F300ECC542 /* audioSession.swift */,
			);
			path = Views;
			sourceTree = "<group>";
		};
		8F373C3A29D1902700ECC542 /* Models */ = {
			isa = PBXGroup;
			children = (
				8F373C3B29D1904F00ECC542 /* tequilaPlayer.swift */,
			);
			path = Models;
			sourceTree = "<group>";
		};
		8F3EE7E12A55528F008DE712 /* Frameworks */ = {
			isa = PBXGroup;
			children = (
				8F3EE7E22A55528F008DE712 /* WidgetKit.framework */,
				8F3EE7E42A55528F008DE712 /* SwiftUI.framework */,
			);
			name = Frameworks;
			sourceTree = "<group>";
		};
		8F3EE7E62A55528F008DE712 /* TequilaBellComplication */ = {
			isa = PBXGroup;
			children = (
				8F3EE7E72A55528F008DE712 /* TequilaBellComplication.swift */,
				8F3EE7E92A55528F008DE712 /* TequilaBellComplication.intentdefinition */,
				8F3EE7EA2A555290008DE712 /* Assets.xcassets */,
				8F3EE7EC2A555290008DE712 /* Info.plist */,
			);
			path = TequilaBellComplication;
			sourceTree = "<group>";
		};
		8F3EE8052A63B4DA008DE712 /* iOSWidget */ = {
			isa = PBXGroup;
			children = (
				8F3EE8062A63B4DA008DE712 /* iOSWidgetBundle.swift */,
				8F3EE8082A63B4DA008DE712 /* iOSWidgetLiveActivity.swift */,
				8F3EE80A2A63B4DA008DE712 /* iOSWidget.swift */,
				8F3EE80C2A63B4DA008DE712 /* iOSWidget.intentdefinition */,
				8F3EE80D2A63B4DC008DE712 /* Assets.xcassets */,
				8F3EE80F2A63B4DC008DE712 /* Info.plist */,
			);
			path = iOSWidget;
			sourceTree = "<group>";
		};
		8F3F33932A7E3CB8004D9E5C /* Controller */ = {
			isa = PBXGroup;
			children = (
				8F3F33962A7E3D10004D9E5C /* ImagePickerViewController.swift */,
			);
			path = Controller;
			sourceTree = "<group>";
		};
/* End PBXGroup section */

/* Begin PBXNativeTarget section */
		8F373C0C29D18EE600ECC542 /* Tequila-Bell */ = {
			isa = PBXNativeTarget;
			buildConfigurationList = 8F373C3129D18EE800ECC542 /* Build configuration list for PBXNativeTarget "Tequila-Bell" */;
			buildPhases = (
				8F373C0929D18EE600ECC542 /* Sources */,
				8F373C0A29D18EE600ECC542 /* Frameworks */,
				8F373C0B29D18EE600ECC542 /* Resources */,
				8F373C3029D18EE800ECC542 /* Embed Watch Content */,
				8F3EE8152A63B4DC008DE712 /* Embed Foundation Extensions */,
			);
			buildRules = (
			);
			dependencies = (
				8F373C2029D18EE700ECC542 /* PBXTargetDependency */,
				8F3EE8132A63B4DC008DE712 /* PBXTargetDependency */,
			);
			name = "Tequila-Bell";
			productName = "Tequila-Bell";
			productReference = 8F373C0D29D18EE600ECC542 /* Tequila-Bell.app */;
			productType = "com.apple.product-type.application";
		};
		8F373C1C29D18EE700ECC542 /* Tequila-Bell Watch App */ = {
			isa = PBXNativeTarget;
			buildConfigurationList = 8F373C2D29D18EE800ECC542 /* Build configuration list for PBXNativeTarget "Tequila-Bell Watch App" */;
			buildPhases = (
				8F373C1929D18EE700ECC542 /* Sources */,
				8F373C1A29D18EE700ECC542 /* Frameworks */,
				8F373C1B29D18EE700ECC542 /* Resources */,
				8F3EE7F52A555290008DE712 /* Embed Foundation Extensions */,
			);
			buildRules = (
			);
			dependencies = (
				8F3EE7F02A555290008DE712 /* PBXTargetDependency */,
			);
			name = "Tequila-Bell Watch App";
			productName = "Tequila-Bell Watch App";
			productReference = 8F373C1D29D18EE700ECC542 /* Tequila-Bell Watch App.app */;
			productType = "com.apple.product-type.application";
		};
		8F3EE7DF2A55528F008DE712 /* TequilaBellComplicationExtension */ = {
			isa = PBXNativeTarget;
			buildConfigurationList = 8F3EE7F22A555290008DE712 /* Build configuration list for PBXNativeTarget "TequilaBellComplicationExtension" */;
			buildPhases = (
				8F3EE7DC2A55528F008DE712 /* Sources */,
				8F3EE7DD2A55528F008DE712 /* Frameworks */,
				8F3EE7DE2A55528F008DE712 /* Resources */,
			);
			buildRules = (
			);
			dependencies = (
			);
			name = TequilaBellComplicationExtension;
			productName = TequilaBellComplicationExtension;
			productReference = 8F3EE7E02A55528F008DE712 /* TequilaBellComplicationExtension.appex */;
			productType = "com.apple.product-type.app-extension";
		};
		8F3EE8012A63B4DA008DE712 /* iOSWidgetExtension */ = {
			isa = PBXNativeTarget;
			buildConfigurationList = 8F3EE8182A63B4DC008DE712 /* Build configuration list for PBXNativeTarget "iOSWidgetExtension" */;
			buildPhases = (
				8F3EE7FE2A63B4DA008DE712 /* Sources */,
				8F3EE7FF2A63B4DA008DE712 /* Frameworks */,
				8F3EE8002A63B4DA008DE712 /* Resources */,
			);
			buildRules = (
			);
			dependencies = (
			);
			name = iOSWidgetExtension;
			productName = iOSWidgetExtension;
			productReference = 8F3EE8022A63B4DA008DE712 /* iOSWidgetExtension.appex */;
			productType = "com.apple.product-type.app-extension";
		};
/* End PBXNativeTarget section */

/* Begin PBXProject section */
		8F373C0529D18EE500ECC542 /* Project object */ = {
			isa = PBXProject;
			attributes = {
				BuildIndependentTargetsInParallel = 1;
				LastSwiftUpdateCheck = 1420;
				LastUpgradeCheck = 1420;
				TargetAttributes = {
					8F373C0C29D18EE600ECC542 = {
						CreatedOnToolsVersion = 14.2;
					};
					8F373C1C29D18EE700ECC542 = {
						CreatedOnToolsVersion = 14.2;
					};
					8F3EE7DF2A55528F008DE712 = {
						CreatedOnToolsVersion = 14.2;
					};
					8F3EE8012A63B4DA008DE712 = {
						CreatedOnToolsVersion = 14.2;
					};
				};
			};
			buildConfigurationList = 8F373C0829D18EE500ECC542 /* Build configuration list for PBXProject "Tequila-Bell" */;
			compatibilityVersion = "Xcode 14.0";
			developmentRegion = en;
			hasScannedForEncodings = 0;
			knownRegions = (
				en,
				Base,
			);
			mainGroup = 8F373C0429D18EE500ECC542;
			productRefGroup = 8F373C0E29D18EE600ECC542 /* Products */;
			projectDirPath = "";
			projectRoot = "";
			targets = (
				8F373C0C29D18EE600ECC542 /* Tequila-Bell */,
				8F373C1C29D18EE700ECC542 /* Tequila-Bell Watch App */,
				8F3EE7DF2A55528F008DE712 /* TequilaBellComplicationExtension */,
				8F3EE8012A63B4DA008DE712 /* iOSWidgetExtension */,
			);
		};
/* End PBXProject section */

/* Begin PBXResourcesBuildPhase section */
		8F373C0B29D18EE600ECC542 /* Resources */ = {
			isa = PBXResourcesBuildPhase;
			buildActionMask = 2147483647;
			files = (
				8F373C1829D18EE700ECC542 /* Preview Assets.xcassets in Resources */,
				8F373C1529D18EE700ECC542 /* Assets.xcassets in Resources */,
			);
			runOnlyForDeploymentPostprocessing = 0;
		};
		8F373C1B29D18EE700ECC542 /* Resources */ = {
			isa = PBXResourcesBuildPhase;
			buildActionMask = 2147483647;
			files = (
				8F373C2A29D18EE800ECC542 /* Preview Assets.xcassets in Resources */,
				8F3EE7F72A619120008DE712 /* Assets.xcassets in Resources */,
				8F373C2729D18EE800ECC542 /* Assets.xcassets in Resources */,
			);
			runOnlyForDeploymentPostprocessing = 0;
		};
		8F3EE7DE2A55528F008DE712 /* Resources */ = {
			isa = PBXResourcesBuildPhase;
			buildActionMask = 2147483647;
			files = (
				8F3EE7F82A619199008DE712 /* Assets.xcassets in Resources */,
				8F3EE7EB2A555290008DE712 /* Assets.xcassets in Resources */,
			);
			runOnlyForDeploymentPostprocessing = 0;
		};
		8F3EE8002A63B4DA008DE712 /* Resources */ = {
			isa = PBXResourcesBuildPhase;
			buildActionMask = 2147483647;
			files = (
				8F3EE8192A63C4F7008DE712 /* Assets.xcassets in Resources */,
				8F3EE80E2A63B4DC008DE712 /* Assets.xcassets in Resources */,
			);
			runOnlyForDeploymentPostprocessing = 0;
		};
/* End PBXResourcesBuildPhase section */

/* Begin PBXSourcesBuildPhase section */
		8F373C0929D18EE600ECC542 /* Sources */ = {
			isa = PBXSourcesBuildPhase;
			buildActionMask = 2147483647;
			files = (
				8F373C4C29D73C1A00ECC542 /* defaultTequilaBell.swift in Sources */,
				8F373C4E29D73C4100ECC542 /* realTequilaBell.swift in Sources */,
				8F373C4029D194FF00ECC542 /* tequilaPlayer.swift in Sources */,
				8F373C1329D18EE600ECC542 /* ContentView.swift in Sources */,
				8F3EE8112A63B4DC008DE712 /* iOSWidget.intentdefinition in Sources */,
				8FC9AAB12A7E436700507BE1 /* originalTequilaBell.swift in Sources */,
				8F373C1129D18EE600ECC542 /* Tequila_BellApp.swift in Sources */,
				8F3F33972A7E3D10004D9E5C /* ImagePickerViewController.swift in Sources */,
			);
			runOnlyForDeploymentPostprocessing = 0;
		};
		8F373C1929D18EE700ECC542 /* Sources */ = {
			isa = PBXSourcesBuildPhase;
			buildActionMask = 2147483647;
			files = (
				8F3EE7EE2A555290008DE712 /* TequilaBellComplication.intentdefinition in Sources */,
				8F373C4229D7336200ECC542 /* defaultTequilaBell.swift in Sources */,
				8F373C4629D7344500ECC542 /* realTequilaBell.swift in Sources */,
				8F373C3C29D1904F00ECC542 /* tequilaPlayer.swift in Sources */,
				8F373C2529D18EE700ECC542 /* ContentView.swift in Sources */,
				8F373C2329D18EE700ECC542 /* Tequila_BellApp.swift in Sources */,
				8F373C4A29D738F300ECC542 /* audioSession.swift in Sources */,
			);
			runOnlyForDeploymentPostprocessing = 0;
		};
		8F3EE7DC2A55528F008DE712 /* Sources */ = {
			isa = PBXSourcesBuildPhase;
			buildActionMask = 2147483647;
			files = (
				8F3EE7E82A55528F008DE712 /* TequilaBellComplication.swift in Sources */,
				8F3EE7ED2A555290008DE712 /* TequilaBellComplication.intentdefinition in Sources */,
			);
			runOnlyForDeploymentPostprocessing = 0;
		};
		8F3EE7FE2A63B4DA008DE712 /* Sources */ = {
			isa = PBXSourcesBuildPhase;
			buildActionMask = 2147483647;
			files = (
				8F3EE8092A63B4DA008DE712 /* iOSWidgetLiveActivity.swift in Sources */,
				8F3EE80B2A63B4DA008DE712 /* iOSWidget.swift in Sources */,
				8F3EE8102A63B4DC008DE712 /* iOSWidget.intentdefinition in Sources */,
				8F3EE8072A63B4DA008DE712 /* iOSWidgetBundle.swift in Sources */,
			);
			runOnlyForDeploymentPostprocessing = 0;
		};
/* End PBXSourcesBuildPhase section */

/* Begin PBXTargetDependency section */
		8F373C2029D18EE700ECC542 /* PBXTargetDependency */ = {
			isa = PBXTargetDependency;
			target = 8F373C1C29D18EE700ECC542 /* Tequila-Bell Watch App */;
			targetProxy = 8F373C1F29D18EE700ECC542 /* PBXContainerItemProxy */;
		};
		8F3EE7F02A555290008DE712 /* PBXTargetDependency */ = {
			isa = PBXTargetDependency;
			target = 8F3EE7DF2A55528F008DE712 /* TequilaBellComplicationExtension */;
			targetProxy = 8F3EE7EF2A555290008DE712 /* PBXContainerItemProxy */;
		};
		8F3EE8132A63B4DC008DE712 /* PBXTargetDependency */ = {
			isa = PBXTargetDependency;
			target = 8F3EE8012A63B4DA008DE712 /* iOSWidgetExtension */;
			targetProxy = 8F3EE8122A63B4DC008DE712 /* PBXContainerItemProxy */;
		};
/* End PBXTargetDependency section */

/* Begin XCBuildConfiguration section */
		8F373C2B29D18EE800ECC542 /* Debug */ = {
			isa = XCBuildConfiguration;
			buildSettings = {
				ALWAYS_SEARCH_USER_PATHS = NO;
				CLANG_ANALYZER_NONNULL = YES;
				CLANG_ANALYZER_NUMBER_OBJECT_CONVERSION = YES_AGGRESSIVE;
				CLANG_CXX_LANGUAGE_STANDARD = "gnu++20";
				CLANG_ENABLE_MODULES = YES;
				CLANG_ENABLE_OBJC_ARC = YES;
				CLANG_ENABLE_OBJC_WEAK = YES;
				CLANG_WARN_BLOCK_CAPTURE_AUTORELEASING = YES;
				CLANG_WARN_BOOL_CONVERSION = YES;
				CLANG_WARN_COMMA = YES;
				CLANG_WARN_CONSTANT_CONVERSION = YES;
				CLANG_WARN_DEPRECATED_OBJC_IMPLEMENTATIONS = YES;
				CLANG_WARN_DIRECT_OBJC_ISA_USAGE = YES_ERROR;
				CLANG_WARN_DOCUMENTATION_COMMENTS = YES;
				CLANG_WARN_EMPTY_BODY = YES;
				CLANG_WARN_ENUM_CONVERSION = YES;
				CLANG_WARN_INFINITE_RECURSION = YES;
				CLANG_WARN_INT_CONVERSION = YES;
				CLANG_WARN_NON_LITERAL_NULL_CONVERSION = YES;
				CLANG_WARN_OBJC_IMPLICIT_RETAIN_SELF = YES;
				CLANG_WARN_OBJC_LITERAL_CONVERSION = YES;
				CLANG_WARN_OBJC_ROOT_CLASS = YES_ERROR;
				CLANG_WARN_QUOTED_INCLUDE_IN_FRAMEWORK_HEADER = YES;
				CLANG_WARN_RANGE_LOOP_ANALYSIS = YES;
				CLANG_WARN_STRICT_PROTOTYPES = YES;
				CLANG_WARN_SUSPICIOUS_MOVE = YES;
				CLANG_WARN_UNGUARDED_AVAILABILITY = YES_AGGRESSIVE;
				CLANG_WARN_UNREACHABLE_CODE = YES;
				CLANG_WARN__DUPLICATE_METHOD_MATCH = YES;
				COPY_PHASE_STRIP = NO;
				DEBUG_INFORMATION_FORMAT = dwarf;
				ENABLE_STRICT_OBJC_MSGSEND = YES;
				ENABLE_TESTABILITY = YES;
				GCC_C_LANGUAGE_STANDARD = gnu11;
				GCC_DYNAMIC_NO_PIC = NO;
				GCC_NO_COMMON_BLOCKS = YES;
				GCC_OPTIMIZATION_LEVEL = 0;
				GCC_PREPROCESSOR_DEFINITIONS = (
					"DEBUG=1",
					"$(inherited)",
				);
				GCC_WARN_64_TO_32_BIT_CONVERSION = YES;
				GCC_WARN_ABOUT_RETURN_TYPE = YES_ERROR;
				GCC_WARN_UNDECLARED_SELECTOR = YES;
				GCC_WARN_UNINITIALIZED_AUTOS = YES_AGGRESSIVE;
				GCC_WARN_UNUSED_FUNCTION = YES;
				GCC_WARN_UNUSED_VARIABLE = YES;
				MTL_ENABLE_DEBUG_INFO = INCLUDE_SOURCE;
				MTL_FAST_MATH = YES;
				ONLY_ACTIVE_ARCH = YES;
				SWIFT_ACTIVE_COMPILATION_CONDITIONS = DEBUG;
				SWIFT_OPTIMIZATION_LEVEL = "-Onone";
			};
			name = Debug;
		};
		8F373C2C29D18EE800ECC542 /* Release */ = {
			isa = XCBuildConfiguration;
			buildSettings = {
				ALWAYS_SEARCH_USER_PATHS = NO;
				CLANG_ANALYZER_NONNULL = YES;
				CLANG_ANALYZER_NUMBER_OBJECT_CONVERSION = YES_AGGRESSIVE;
				CLANG_CXX_LANGUAGE_STANDARD = "gnu++20";
				CLANG_ENABLE_MODULES = YES;
				CLANG_ENABLE_OBJC_ARC = YES;
				CLANG_ENABLE_OBJC_WEAK = YES;
				CLANG_WARN_BLOCK_CAPTURE_AUTORELEASING = YES;
				CLANG_WARN_BOOL_CONVERSION = YES;
				CLANG_WARN_COMMA = YES;
				CLANG_WARN_CONSTANT_CONVERSION = YES;
				CLANG_WARN_DEPRECATED_OBJC_IMPLEMENTATIONS = YES;
				CLANG_WARN_DIRECT_OBJC_ISA_USAGE = YES_ERROR;
				CLANG_WARN_DOCUMENTATION_COMMENTS = YES;
				CLANG_WARN_EMPTY_BODY = YES;
				CLANG_WARN_ENUM_CONVERSION = YES;
				CLANG_WARN_INFINITE_RECURSION = YES;
				CLANG_WARN_INT_CONVERSION = YES;
				CLANG_WARN_NON_LITERAL_NULL_CONVERSION = YES;
				CLANG_WARN_OBJC_IMPLICIT_RETAIN_SELF = YES;
				CLANG_WARN_OBJC_LITERAL_CONVERSION = YES;
				CLANG_WARN_OBJC_ROOT_CLASS = YES_ERROR;
				CLANG_WARN_QUOTED_INCLUDE_IN_FRAMEWORK_HEADER = YES;
				CLANG_WARN_RANGE_LOOP_ANALYSIS = YES;
				CLANG_WARN_STRICT_PROTOTYPES = YES;
				CLANG_WARN_SUSPICIOUS_MOVE = YES;
				CLANG_WARN_UNGUARDED_AVAILABILITY = YES_AGGRESSIVE;
				CLANG_WARN_UNREACHABLE_CODE = YES;
				CLANG_WARN__DUPLICATE_METHOD_MATCH = YES;
				COPY_PHASE_STRIP = NO;
				DEBUG_INFORMATION_FORMAT = "dwarf-with-dsym";
				ENABLE_NS_ASSERTIONS = NO;
				ENABLE_STRICT_OBJC_MSGSEND = YES;
				GCC_C_LANGUAGE_STANDARD = gnu11;
				GCC_NO_COMMON_BLOCKS = YES;
				GCC_WARN_64_TO_32_BIT_CONVERSION = YES;
				GCC_WARN_ABOUT_RETURN_TYPE = YES_ERROR;
				GCC_WARN_UNDECLARED_SELECTOR = YES;
				GCC_WARN_UNINITIALIZED_AUTOS = YES_AGGRESSIVE;
				GCC_WARN_UNUSED_FUNCTION = YES;
				GCC_WARN_UNUSED_VARIABLE = YES;
				MTL_ENABLE_DEBUG_INFO = NO;
				MTL_FAST_MATH = YES;
				SWIFT_COMPILATION_MODE = wholemodule;
				SWIFT_OPTIMIZATION_LEVEL = "-O";
			};
			name = Release;
		};
		8F373C2E29D18EE800ECC542 /* Debug */ = {
			isa = XCBuildConfiguration;
			buildSettings = {
				ALWAYS_EMBED_SWIFT_STANDARD_LIBRARIES = YES;
				ASSETCATALOG_COMPILER_APPICON_NAME = AppIcon;
				ASSETCATALOG_COMPILER_GLOBAL_ACCENT_COLOR_NAME = AccentColor;
				CODE_SIGN_STYLE = Automatic;
				CURRENT_PROJECT_VERSION = 4;
				DEVELOPMENT_ASSET_PATHS = "\"Tequila-Bell Watch App/Preview Content\"";
				DEVELOPMENT_TEAM = 32R8ZWSZ8D;
				ENABLE_PREVIEWS = YES;
				GENERATE_INFOPLIST_FILE = YES;
				INFOPLIST_FILE = "Tequila-Bell-Watch-App-Info.plist";
				INFOPLIST_KEY_CFBundleDisplayName = "Tequila-Bell";
				INFOPLIST_KEY_UISupportedInterfaceOrientations = "UIInterfaceOrientationPortrait UIInterfaceOrientationPortraitUpsideDown";
				INFOPLIST_KEY_WKCompanionAppBundleIdentifier = "com.hackz.hackathons.Tequila-Bell";
				LD_RUNPATH_SEARCH_PATHS = (
					"$(inherited)",
					"@executable_path/Frameworks",
				);
				MARKETING_VERSION = 1.2.0;
				PRODUCT_BUNDLE_IDENTIFIER = "com.hackz.hackathons.Tequila-Bell.watchkitapp";
				PRODUCT_NAME = "$(TARGET_NAME)";
				SDKROOT = watchos;
				SKIP_INSTALL = YES;
				SWIFT_EMIT_LOC_STRINGS = YES;
				SWIFT_VERSION = 5.0;
				TARGETED_DEVICE_FAMILY = 4;
				WATCHOS_DEPLOYMENT_TARGET = 9.1;
			};
			name = Debug;
		};
		8F373C2F29D18EE800ECC542 /* Release */ = {
			isa = XCBuildConfiguration;
			buildSettings = {
				ALWAYS_EMBED_SWIFT_STANDARD_LIBRARIES = YES;
				ASSETCATALOG_COMPILER_APPICON_NAME = AppIcon;
				ASSETCATALOG_COMPILER_GLOBAL_ACCENT_COLOR_NAME = AccentColor;
				CODE_SIGN_STYLE = Automatic;
				CURRENT_PROJECT_VERSION = 4;
				DEVELOPMENT_ASSET_PATHS = "\"Tequila-Bell Watch App/Preview Content\"";
				DEVELOPMENT_TEAM = 32R8ZWSZ8D;
				ENABLE_PREVIEWS = YES;
				GENERATE_INFOPLIST_FILE = YES;
				INFOPLIST_FILE = "Tequila-Bell-Watch-App-Info.plist";
				INFOPLIST_KEY_CFBundleDisplayName = "Tequila-Bell";
				INFOPLIST_KEY_UISupportedInterfaceOrientations = "UIInterfaceOrientationPortrait UIInterfaceOrientationPortraitUpsideDown";
				INFOPLIST_KEY_WKCompanionAppBundleIdentifier = "com.hackz.hackathons.Tequila-Bell";
				LD_RUNPATH_SEARCH_PATHS = (
					"$(inherited)",
					"@executable_path/Frameworks",
				);
				MARKETING_VERSION = 1.2.0;
				PRODUCT_BUNDLE_IDENTIFIER = "com.hackz.hackathons.Tequila-Bell.watchkitapp";
				PRODUCT_NAME = "$(TARGET_NAME)";
				SDKROOT = watchos;
				SKIP_INSTALL = YES;
				SWIFT_EMIT_LOC_STRINGS = YES;
				SWIFT_VERSION = 5.0;
				TARGETED_DEVICE_FAMILY = 4;
				VALIDATE_PRODUCT = YES;
				WATCHOS_DEPLOYMENT_TARGET = 9.1;
			};
			name = Release;
		};
		8F373C3229D18EE800ECC542 /* Debug */ = {
			isa = XCBuildConfiguration;
			buildSettings = {
				ALWAYS_EMBED_SWIFT_STANDARD_LIBRARIES = YES;
				ASSETCATALOG_COMPILER_APPICON_NAME = AppIcon;
				ASSETCATALOG_COMPILER_GLOBAL_ACCENT_COLOR_NAME = AccentColor;
				CODE_SIGN_IDENTITY = "Apple Development";
				CODE_SIGN_STYLE = Automatic;
				CURRENT_PROJECT_VERSION = 4;
				DEVELOPMENT_ASSET_PATHS = "\"Tequila-Bell/Preview Content\"";
				DEVELOPMENT_TEAM = 32R8ZWSZ8D;
				ENABLE_PREVIEWS = YES;
				GENERATE_INFOPLIST_FILE = YES;
				INFOPLIST_FILE = "Tequila-Bell/Info.plist";
				INFOPLIST_KEY_CFBundleDisplayName = "Tequila-Bell";
				INFOPLIST_KEY_LSApplicationCategoryType = "public.app-category.entertainment";
				INFOPLIST_KEY_NSCameraUsageDescription = "ベルの画像を追加するために許可が必要です。";
				INFOPLIST_KEY_NSSupportsLiveActivities = YES;
				INFOPLIST_KEY_UIApplicationSceneManifest_Generation = YES;
				INFOPLIST_KEY_UIApplicationSupportsIndirectInputEvents = YES;
				INFOPLIST_KEY_UILaunchScreen_Generation = YES;
				INFOPLIST_KEY_UISupportedInterfaceOrientations_iPad = "UIInterfaceOrientationPortrait UIInterfaceOrientationPortraitUpsideDown UIInterfaceOrientationLandscapeLeft UIInterfaceOrientationLandscapeRight";
				INFOPLIST_KEY_UISupportedInterfaceOrientations_iPhone = "UIInterfaceOrientationPortrait UIInterfaceOrientationLandscapeLeft UIInterfaceOrientationLandscapeRight";
				IPHONEOS_DEPLOYMENT_TARGET = 16.0;
				LD_RUNPATH_SEARCH_PATHS = (
					"$(inherited)",
					"@executable_path/Frameworks",
				);
				MARKETING_VERSION = 1.2.0;
				PRODUCT_BUNDLE_IDENTIFIER = "com.hackz.hackathons.Tequila-Bell";
				PRODUCT_NAME = "$(TARGET_NAME)";
				PROVISIONING_PROFILE_SPECIFIER = "";
				SDKROOT = iphoneos;
				SWIFT_EMIT_LOC_STRINGS = YES;
				SWIFT_VERSION = 5.0;
				TARGETED_DEVICE_FAMILY = "1,2";
			};
			name = Debug;
		};
		8F373C3329D18EE800ECC542 /* Release */ = {
			isa = XCBuildConfiguration;
			buildSettings = {
				ALWAYS_EMBED_SWIFT_STANDARD_LIBRARIES = YES;
				ASSETCATALOG_COMPILER_APPICON_NAME = AppIcon;
				ASSETCATALOG_COMPILER_GLOBAL_ACCENT_COLOR_NAME = AccentColor;
				CODE_SIGN_IDENTITY = "Apple Development";
				CODE_SIGN_STYLE = Automatic;
				CURRENT_PROJECT_VERSION = 4;
				DEVELOPMENT_ASSET_PATHS = "\"Tequila-Bell/Preview Content\"";
				DEVELOPMENT_TEAM = 32R8ZWSZ8D;
				ENABLE_PREVIEWS = YES;
				GENERATE_INFOPLIST_FILE = YES;
				INFOPLIST_FILE = "Tequila-Bell/Info.plist";
				INFOPLIST_KEY_CFBundleDisplayName = "Tequila-Bell";
				INFOPLIST_KEY_LSApplicationCategoryType = "public.app-category.entertainment";
				INFOPLIST_KEY_NSCameraUsageDescription = "ベルの画像を追加するために許可が必要です。";
				INFOPLIST_KEY_NSSupportsLiveActivities = YES;
				INFOPLIST_KEY_UIApplicationSceneManifest_Generation = YES;
				INFOPLIST_KEY_UIApplicationSupportsIndirectInputEvents = YES;
				INFOPLIST_KEY_UILaunchScreen_Generation = YES;
				INFOPLIST_KEY_UISupportedInterfaceOrientations_iPad = "UIInterfaceOrientationPortrait UIInterfaceOrientationPortraitUpsideDown UIInterfaceOrientationLandscapeLeft UIInterfaceOrientationLandscapeRight";
				INFOPLIST_KEY_UISupportedInterfaceOrientations_iPhone = "UIInterfaceOrientationPortrait UIInterfaceOrientationLandscapeLeft UIInterfaceOrientationLandscapeRight";
				IPHONEOS_DEPLOYMENT_TARGET = 16.0;
				LD_RUNPATH_SEARCH_PATHS = (
					"$(inherited)",
					"@executable_path/Frameworks",
				);
				MARKETING_VERSION = 1.2.0;
				PRODUCT_BUNDLE_IDENTIFIER = "com.hackz.hackathons.Tequila-Bell";
				PRODUCT_NAME = "$(TARGET_NAME)";
				PROVISIONING_PROFILE_SPECIFIER = "";
				SDKROOT = iphoneos;
				SWIFT_EMIT_LOC_STRINGS = YES;
				SWIFT_VERSION = 5.0;
				TARGETED_DEVICE_FAMILY = "1,2";
				VALIDATE_PRODUCT = YES;
			};
			name = Release;
		};
		8F3EE7F32A555290008DE712 /* Debug */ = {
			isa = XCBuildConfiguration;
			buildSettings = {
				ASSETCATALOG_COMPILER_GLOBAL_ACCENT_COLOR_NAME = AccentColor;
				ASSETCATALOG_COMPILER_WIDGET_BACKGROUND_COLOR_NAME = WidgetBackground;
				CODE_SIGN_STYLE = Automatic;
				CURRENT_PROJECT_VERSION = 4;
				DEVELOPMENT_TEAM = 32R8ZWSZ8D;
				GENERATE_INFOPLIST_FILE = YES;
				INFOPLIST_FILE = TequilaBellComplication/Info.plist;
				INFOPLIST_KEY_CFBundleDisplayName = TequilaBellComplication;
				INFOPLIST_KEY_NSHumanReadableCopyright = "";
				LD_RUNPATH_SEARCH_PATHS = (
					"$(inherited)",
					"@executable_path/Frameworks",
					"@executable_path/../../Frameworks",
					"@executable_path/../../../../Frameworks",
				);
				MARKETING_VERSION = 1.2.0;
				PRODUCT_BUNDLE_IDENTIFIER = "com.hackz.hackathons.Tequila-Bell.watchkitapp.TequilaBellComplication";
				PRODUCT_NAME = "$(TARGET_NAME)";
				SDKROOT = watchos;
				SKIP_INSTALL = YES;
				SWIFT_EMIT_LOC_STRINGS = YES;
				SWIFT_VERSION = 5.0;
				TARGETED_DEVICE_FAMILY = 4;
				WATCHOS_DEPLOYMENT_TARGET = 9.1;
			};
			name = Debug;
		};
		8F3EE7F42A555290008DE712 /* Release */ = {
			isa = XCBuildConfiguration;
			buildSettings = {
				ASSETCATALOG_COMPILER_GLOBAL_ACCENT_COLOR_NAME = AccentColor;
				ASSETCATALOG_COMPILER_WIDGET_BACKGROUND_COLOR_NAME = WidgetBackground;
				CODE_SIGN_STYLE = Automatic;
				CURRENT_PROJECT_VERSION = 4;
				DEVELOPMENT_TEAM = 32R8ZWSZ8D;
				GENERATE_INFOPLIST_FILE = YES;
				INFOPLIST_FILE = TequilaBellComplication/Info.plist;
				INFOPLIST_KEY_CFBundleDisplayName = TequilaBellComplication;
				INFOPLIST_KEY_NSHumanReadableCopyright = "";
				LD_RUNPATH_SEARCH_PATHS = (
					"$(inherited)",
					"@executable_path/Frameworks",
					"@executable_path/../../Frameworks",
					"@executable_path/../../../../Frameworks",
				);
				MARKETING_VERSION = 1.2.0;
				PRODUCT_BUNDLE_IDENTIFIER = "com.hackz.hackathons.Tequila-Bell.watchkitapp.TequilaBellComplication";
				PRODUCT_NAME = "$(TARGET_NAME)";
				SDKROOT = watchos;
				SKIP_INSTALL = YES;
				SWIFT_EMIT_LOC_STRINGS = YES;
				SWIFT_VERSION = 5.0;
				TARGETED_DEVICE_FAMILY = 4;
				VALIDATE_PRODUCT = YES;
				WATCHOS_DEPLOYMENT_TARGET = 9.1;
			};
			name = Release;
		};
		8F3EE8162A63B4DC008DE712 /* Debug */ = {
			isa = XCBuildConfiguration;
			buildSettings = {
				ASSETCATALOG_COMPILER_GLOBAL_ACCENT_COLOR_NAME = AccentColor;
				ASSETCATALOG_COMPILER_WIDGET_BACKGROUND_COLOR_NAME = WidgetBackground;
				CODE_SIGN_IDENTITY = "Apple Development";
				CODE_SIGN_STYLE = Automatic;
				CURRENT_PROJECT_VERSION = 4;
				DEVELOPMENT_TEAM = 32R8ZWSZ8D;
				GENERATE_INFOPLIST_FILE = YES;
				INFOPLIST_FILE = iOSWidget/Info.plist;
				INFOPLIST_KEY_CFBundleDisplayName = iOSWidget;
				INFOPLIST_KEY_NSHumanReadableCopyright = "";
				IPHONEOS_DEPLOYMENT_TARGET = 16.1;
				LD_RUNPATH_SEARCH_PATHS = (
					"$(inherited)",
					"@executable_path/Frameworks",
					"@executable_path/../../Frameworks",
				);
				MARKETING_VERSION = 1.2.0;
				PRODUCT_BUNDLE_IDENTIFIER = "com.hackz.hackathons.Tequila-Bell.iOSWidget";
				PRODUCT_NAME = "$(TARGET_NAME)";
				SDKROOT = iphoneos;
				SKIP_INSTALL = YES;
				SWIFT_EMIT_LOC_STRINGS = YES;
				SWIFT_VERSION = 5.0;
				TARGETED_DEVICE_FAMILY = "1,2";
			};
			name = Debug;
		};
		8F3EE8172A63B4DC008DE712 /* Release */ = {
			isa = XCBuildConfiguration;
			buildSettings = {
				ASSETCATALOG_COMPILER_GLOBAL_ACCENT_COLOR_NAME = AccentColor;
				ASSETCATALOG_COMPILER_WIDGET_BACKGROUND_COLOR_NAME = WidgetBackground;
				CODE_SIGN_IDENTITY = "Apple Development";
				CODE_SIGN_STYLE = Automatic;
				CURRENT_PROJECT_VERSION = 4;
				DEVELOPMENT_TEAM = 32R8ZWSZ8D;
				GENERATE_INFOPLIST_FILE = YES;
				INFOPLIST_FILE = iOSWidget/Info.plist;
				INFOPLIST_KEY_CFBundleDisplayName = iOSWidget;
				INFOPLIST_KEY_NSHumanReadableCopyright = "";
				IPHONEOS_DEPLOYMENT_TARGET = 16.1;
				LD_RUNPATH_SEARCH_PATHS = (
					"$(inherited)",
					"@executable_path/Frameworks",
					"@executable_path/../../Frameworks",
				);
				MARKETING_VERSION = 1.2.0;
				PRODUCT_BUNDLE_IDENTIFIER = "com.hackz.hackathons.Tequila-Bell.iOSWidget";
				PRODUCT_NAME = "$(TARGET_NAME)";
				SDKROOT = iphoneos;
				SKIP_INSTALL = YES;
				SWIFT_EMIT_LOC_STRINGS = YES;
				SWIFT_VERSION = 5.0;
				TARGETED_DEVICE_FAMILY = "1,2";
				VALIDATE_PRODUCT = YES;
			};
			name = Release;
		};
/* End XCBuildConfiguration section */

/* Begin XCConfigurationList section */
		8F373C0829D18EE500ECC542 /* Build configuration list for PBXProject "Tequila-Bell" */ = {
			isa = XCConfigurationList;
			buildConfigurations = (
				8F373C2B29D18EE800ECC542 /* Debug */,
				8F373C2C29D18EE800ECC542 /* Release */,
			);
			defaultConfigurationIsVisible = 0;
			defaultConfigurationName = Release;
		};
		8F373C2D29D18EE800ECC542 /* Build configuration list for PBXNativeTarget "Tequila-Bell Watch App" */ = {
			isa = XCConfigurationList;
			buildConfigurations = (
				8F373C2E29D18EE800ECC542 /* Debug */,
				8F373C2F29D18EE800ECC542 /* Release */,
			);
			defaultConfigurationIsVisible = 0;
			defaultConfigurationName = Release;
		};
		8F373C3129D18EE800ECC542 /* Build configuration list for PBXNativeTarget "Tequila-Bell" */ = {
			isa = XCConfigurationList;
			buildConfigurations = (
				8F373C3229D18EE800ECC542 /* Debug */,
				8F373C3329D18EE800ECC542 /* Release */,
			);
			defaultConfigurationIsVisible = 0;
			defaultConfigurationName = Release;
		};
		8F3EE7F22A555290008DE712 /* Build configuration list for PBXNativeTarget "TequilaBellComplicationExtension" */ = {
			isa = XCConfigurationList;
			buildConfigurations = (
				8F3EE7F32A555290008DE712 /* Debug */,
				8F3EE7F42A555290008DE712 /* Release */,
			);
			defaultConfigurationIsVisible = 0;
			defaultConfigurationName = Release;
		};
		8F3EE8182A63B4DC008DE712 /* Build configuration list for PBXNativeTarget "iOSWidgetExtension" */ = {
			isa = XCConfigurationList;
			buildConfigurations = (
				8F3EE8162A63B4DC008DE712 /* Debug */,
				8F3EE8172A63B4DC008DE712 /* Release */,
			);
			defaultConfigurationIsVisible = 0;
			defaultConfigurationName = Release;
		};
/* End XCConfigurationList section */
	};
	rootObject = 8F373C0529D18EE500ECC542 /* Project object */;
}
